// !$*UTF8*$!
{
	archiveVersion = 1;
	classes = {
	};
	objectVersion = 56;
	objects = {

/* Begin PBXBuildFile section */
		B8B09FA22C64A7FE0068446F /* AppDelegate.swift in Sources */ = {isa = PBXBuildFile; fileRef = B8B09FA12C64A7FE0068446F /* AppDelegate.swift */; };
		B8B09FA42C64A7FE0068446F /* SceneDelegate.swift in Sources */ = {isa = PBXBuildFile; fileRef = B8B09FA32C64A7FE0068446F /* SceneDelegate.swift */; };
		B8B09FA62C64A7FE0068446F /* ViewController.swift in Sources */ = {isa = PBXBuildFile; fileRef = B8B09FA52C64A7FE0068446F /* ViewController.swift */; };
		B8B09FAB2C64A7FF0068446F /* Assets.xcassets in Resources */ = {isa = PBXBuildFile; fileRef = B8B09FAA2C64A7FF0068446F /* Assets.xcassets */; };
		B8B09FAE2C64A7FF0068446F /* Base in Resources */ = {isa = PBXBuildFile; fileRef = B8B09FAD2C64A7FF0068446F /* Base */; };
		B8B09FB62C64A8930068446F /* .gitignore in Resources */ = {isa = PBXBuildFile; fileRef = B8B09FB52C64A8930068446F /* .gitignore */; };
		B8B09FB82C64A8AB0068446F /* APIInfo.swift in Sources */ = {isa = PBXBuildFile; fileRef = B8B09FB72C64A8AB0068446F /* APIInfo.swift */; };
		B8B09FBE2C64A8D20068446F /* BaseVC.swift in Sources */ = {isa = PBXBuildFile; fileRef = B8B09FBD2C64A8D20068446F /* BaseVC.swift */; };
		B8B09FC02C64A8DA0068446F /* BaseVM.swift in Sources */ = {isa = PBXBuildFile; fileRef = B8B09FBF2C64A8DA0068446F /* BaseVM.swift */; };
		B8B09FC32C64A97F0068446F /* SearchiTunesVC.swift in Sources */ = {isa = PBXBuildFile; fileRef = B8B09FC22C64A97F0068446F /* SearchiTunesVC.swift */; };
		B8B09FC62C64A9B80068446F /* RxDataSources in Frameworks */ = {isa = PBXBuildFile; productRef = B8B09FC52C64A9B80068446F /* RxDataSources */; };
		B8B09FC92C64A9C20068446F /* SnapKit in Frameworks */ = {isa = PBXBuildFile; productRef = B8B09FC82C64A9C20068446F /* SnapKit */; };
		B8B09FCC2C64A9D80068446F /* RxCocoa in Frameworks */ = {isa = PBXBuildFile; productRef = B8B09FCB2C64A9D80068446F /* RxCocoa */; };
		B8B09FCE2C64A9D80068446F /* RxRelay in Frameworks */ = {isa = PBXBuildFile; productRef = B8B09FCD2C64A9D80068446F /* RxRelay */; };
		B8B09FD02C64A9D80068446F /* RxSwift in Frameworks */ = {isa = PBXBuildFile; productRef = B8B09FCF2C64A9D80068446F /* RxSwift */; };
		B8B09FD32C64A9E50068446F /* Alamofire in Frameworks */ = {isa = PBXBuildFile; productRef = B8B09FD22C64A9E50068446F /* Alamofire */; };
		B8B09FD62C64A9EE0068446F /* Toast in Frameworks */ = {isa = PBXBuildFile; productRef = B8B09FD52C64A9EE0068446F /* Toast */; };
		B8B09FD92C64B78A0068446F /* iTunesCollectionViewCell.swift in Sources */ = {isa = PBXBuildFile; fileRef = B8B09FD82C64B78A0068446F /* iTunesCollectionViewCell.swift */; };
		B8B09FDB2C64BA9A0068446F /* MainTBC.swift in Sources */ = {isa = PBXBuildFile; fileRef = B8B09FDA2C64BA9A0068446F /* MainTBC.swift */; };
		B8B09FDD2C64C15D0068446F /* SearchiTunesSectionModel.swift in Sources */ = {isa = PBXBuildFile; fileRef = B8B09FDC2C64C15D0068446F /* SearchiTunesSectionModel.swift */; };
		B8B09FDF2C65F0970068446F /* APIService.swift in Sources */ = {isa = PBXBuildFile; fileRef = B8B09FDE2C65F0970068446F /* APIService.swift */; };
		B8B09FE22C65F1670068446F /* SearchiTunesVM.swift in Sources */ = {isa = PBXBuildFile; fileRef = B8B09FE12C65F1670068446F /* SearchiTunesVM.swift */; };
		B8B09FE42C65F1B00068446F /* APIManager.swift in Sources */ = {isa = PBXBuildFile; fileRef = B8B09FE32C65F1B00068446F /* APIManager.swift */; };
		B8B09FE72C65F46B0068446F /* AppModel.swift in Sources */ = {isa = PBXBuildFile; fileRef = B8B09FE62C65F46B0068446F /* AppModel.swift */; };
		B8B09FE92C6607340068446F /* iTunesCollectionViewCellVM.swift in Sources */ = {isa = PBXBuildFile; fileRef = B8B09FE82C6607340068446F /* iTunesCollectionViewCellVM.swift */; };
		B8B09FEC2C6609FA0068446F /* Kingfisher in Frameworks */ = {isa = PBXBuildFile; productRef = B8B09FEB2C6609FA0068446F /* Kingfisher */; };
		B8B09FEE2C6618180068446F /* iTunesCollectionViewCellView.swift in Sources */ = {isa = PBXBuildFile; fileRef = B8B09FED2C6618180068446F /* iTunesCollectionViewCellView.swift */; };
		B8B09FF12C661B680068446F /* iTunesDetailVC.swift in Sources */ = {isa = PBXBuildFile; fileRef = B8B09FF02C661B680068446F /* iTunesDetailVC.swift */; };
		B8B09FF32C661B700068446F /* iTunesDetailVM.swift in Sources */ = {isa = PBXBuildFile; fileRef = B8B09FF22C661B700068446F /* iTunesDetailVM.swift */; };
		B8B09FFA2C67A9FA0068446F /* AppScreenShotCollectionViewCell.swift in Sources */ = {isa = PBXBuildFile; fileRef = B8B09FF92C67A9FA0068446F /* AppScreenShotCollectionViewCell.swift */; };
		B8B09FFE2C67AA670068446F /* BaseCollectionViewCell.swift in Sources */ = {isa = PBXBuildFile; fileRef = B8B09FFD2C67AA670068446F /* BaseCollectionViewCell.swift */; };
/* End PBXBuildFile section */

/* Begin PBXFileReference section */
		B8B09F9E2C64A7FE0068446F /* MyiTunes.app */ = {isa = PBXFileReference; explicitFileType = wrapper.application; includeInIndex = 0; path = MyiTunes.app; sourceTree = BUILT_PRODUCTS_DIR; };
		B8B09FA12C64A7FE0068446F /* AppDelegate.swift */ = {isa = PBXFileReference; lastKnownFileType = sourcecode.swift; path = AppDelegate.swift; sourceTree = "<group>"; };
		B8B09FA32C64A7FE0068446F /* SceneDelegate.swift */ = {isa = PBXFileReference; lastKnownFileType = sourcecode.swift; path = SceneDelegate.swift; sourceTree = "<group>"; };
		B8B09FA52C64A7FE0068446F /* ViewController.swift */ = {isa = PBXFileReference; lastKnownFileType = sourcecode.swift; path = ViewController.swift; sourceTree = "<group>"; };
		B8B09FAA2C64A7FF0068446F /* Assets.xcassets */ = {isa = PBXFileReference; lastKnownFileType = folder.assetcatalog; path = Assets.xcassets; sourceTree = "<group>"; };
		B8B09FAD2C64A7FF0068446F /* Base */ = {isa = PBXFileReference; lastKnownFileType = file.storyboard; name = Base; path = Base.lproj/LaunchScreen.storyboard; sourceTree = "<group>"; };
		B8B09FAF2C64A7FF0068446F /* Info.plist */ = {isa = PBXFileReference; lastKnownFileType = text.plist.xml; path = Info.plist; sourceTree = "<group>"; };
		B8B09FB52C64A8930068446F /* .gitignore */ = {isa = PBXFileReference; lastKnownFileType = text; path = .gitignore; sourceTree = "<group>"; };
		B8B09FB72C64A8AB0068446F /* APIInfo.swift */ = {isa = PBXFileReference; lastKnownFileType = sourcecode.swift; path = APIInfo.swift; sourceTree = "<group>"; };
		B8B09FBD2C64A8D20068446F /* BaseVC.swift */ = {isa = PBXFileReference; lastKnownFileType = sourcecode.swift; path = BaseVC.swift; sourceTree = "<group>"; };
		B8B09FBF2C64A8DA0068446F /* BaseVM.swift */ = {isa = PBXFileReference; lastKnownFileType = sourcecode.swift; path = BaseVM.swift; sourceTree = "<group>"; };
		B8B09FC22C64A97F0068446F /* SearchiTunesVC.swift */ = {isa = PBXFileReference; lastKnownFileType = sourcecode.swift; path = SearchiTunesVC.swift; sourceTree = "<group>"; };
		B8B09FD82C64B78A0068446F /* iTunesCollectionViewCell.swift */ = {isa = PBXFileReference; lastKnownFileType = sourcecode.swift; path = iTunesCollectionViewCell.swift; sourceTree = "<group>"; };
		B8B09FDA2C64BA9A0068446F /* MainTBC.swift */ = {isa = PBXFileReference; lastKnownFileType = sourcecode.swift; path = MainTBC.swift; sourceTree = "<group>"; };
		B8B09FDC2C64C15D0068446F /* SearchiTunesSectionModel.swift */ = {isa = PBXFileReference; lastKnownFileType = sourcecode.swift; path = SearchiTunesSectionModel.swift; sourceTree = "<group>"; };
		B8B09FDE2C65F0970068446F /* APIService.swift */ = {isa = PBXFileReference; lastKnownFileType = sourcecode.swift; path = APIService.swift; sourceTree = "<group>"; };
		B8B09FE12C65F1670068446F /* SearchiTunesVM.swift */ = {isa = PBXFileReference; lastKnownFileType = sourcecode.swift; path = SearchiTunesVM.swift; sourceTree = "<group>"; };
		B8B09FE32C65F1B00068446F /* APIManager.swift */ = {isa = PBXFileReference; lastKnownFileType = sourcecode.swift; path = APIManager.swift; sourceTree = "<group>"; };
		B8B09FE62C65F46B0068446F /* AppModel.swift */ = {isa = PBXFileReference; lastKnownFileType = sourcecode.swift; path = AppModel.swift; sourceTree = "<group>"; };
		B8B09FE82C6607340068446F /* iTunesCollectionViewCellVM.swift */ = {isa = PBXFileReference; lastKnownFileType = sourcecode.swift; path = iTunesCollectionViewCellVM.swift; sourceTree = "<group>"; };
		B8B09FED2C6618180068446F /* iTunesCollectionViewCellView.swift */ = {isa = PBXFileReference; lastKnownFileType = sourcecode.swift; path = iTunesCollectionViewCellView.swift; sourceTree = "<group>"; };
		B8B09FF02C661B680068446F /* iTunesDetailVC.swift */ = {isa = PBXFileReference; lastKnownFileType = sourcecode.swift; path = iTunesDetailVC.swift; sourceTree = "<group>"; };
		B8B09FF22C661B700068446F /* iTunesDetailVM.swift */ = {isa = PBXFileReference; lastKnownFileType = sourcecode.swift; path = iTunesDetailVM.swift; sourceTree = "<group>"; };
		B8B09FF92C67A9FA0068446F /* AppScreenShotCollectionViewCell.swift */ = {isa = PBXFileReference; lastKnownFileType = sourcecode.swift; name = AppScreenShotCollectionViewCell.swift; path = ../../../../../../../../../Applications/AppScreenShotCollectionViewCell.swift; sourceTree = "<group>"; };
		B8B09FFD2C67AA670068446F /* BaseCollectionViewCell.swift */ = {isa = PBXFileReference; lastKnownFileType = sourcecode.swift; path = BaseCollectionViewCell.swift; sourceTree = "<group>"; };
/* End PBXFileReference section */

/* Begin PBXFrameworksBuildPhase section */
		B8B09F9B2C64A7FE0068446F /* Frameworks */ = {
			isa = PBXFrameworksBuildPhase;
			buildActionMask = 2147483647;
			files = (
				B8B09FCC2C64A9D80068446F /* RxCocoa in Frameworks */,
				B8B09FC62C64A9B80068446F /* RxDataSources in Frameworks */,
				B8B09FD02C64A9D80068446F /* RxSwift in Frameworks */,
				B8B09FD32C64A9E50068446F /* Alamofire in Frameworks */,
				B8B09FEC2C6609FA0068446F /* Kingfisher in Frameworks */,
				B8B09FCE2C64A9D80068446F /* RxRelay in Frameworks */,
				B8B09FD62C64A9EE0068446F /* Toast in Frameworks */,
				B8B09FC92C64A9C20068446F /* SnapKit in Frameworks */,
			);
			runOnlyForDeploymentPostprocessing = 0;
		};
/* End PBXFrameworksBuildPhase section */

/* Begin PBXGroup section */
		B8B09F952C64A7FE0068446F = {
			isa = PBXGroup;
			children = (
				B8B09FB52C64A8930068446F /* .gitignore */,
				B8B09FA02C64A7FE0068446F /* MyiTunes */,
				B8B09F9F2C64A7FE0068446F /* Products */,
			);
			sourceTree = "<group>";
		};
		B8B09F9F2C64A7FE0068446F /* Products */ = {
			isa = PBXGroup;
			children = (
				B8B09F9E2C64A7FE0068446F /* MyiTunes.app */,
			);
			name = Products;
			sourceTree = "<group>";
		};
		B8B09FA02C64A7FE0068446F /* MyiTunes */ = {
			isa = PBXGroup;
			children = (
				B8B09FEF2C661B5D0068446F /* Detail */,
				B8B09FE52C65F4660068446F /* Model */,
				B8B09FE02C65F0EE0068446F /* Abstract */,
				B8B09FC12C64A9490068446F /* Search */,
				B8B09FB92C64A8B40068446F /* Network */,
				B8B09FA12C64A7FE0068446F /* AppDelegate.swift */,
				B8B09FA32C64A7FE0068446F /* SceneDelegate.swift */,
				B8B09FA52C64A7FE0068446F /* ViewController.swift */,
				B8B09FAA2C64A7FF0068446F /* Assets.xcassets */,
				B8B09FAC2C64A7FF0068446F /* LaunchScreen.storyboard */,
				B8B09FAF2C64A7FF0068446F /* Info.plist */,
				B8B09FB72C64A8AB0068446F /* APIInfo.swift */,
				B8B09FDA2C64BA9A0068446F /* MainTBC.swift */,
			);
			path = MyiTunes;
			sourceTree = "<group>";
		};
		B8B09FB92C64A8B40068446F /* Network */ = {
			isa = PBXGroup;
			children = (
				B8B09FDE2C65F0970068446F /* APIService.swift */,
				B8B09FE32C65F1B00068446F /* APIManager.swift */,
			);
			path = Network;
			sourceTree = "<group>";
		};
		B8B09FC12C64A9490068446F /* Search */ = {
			isa = PBXGroup;
			children = (
				B8B09FD72C64B7730068446F /* Cell */,
				B8B09FC22C64A97F0068446F /* SearchiTunesVC.swift */,
				B8B09FE12C65F1670068446F /* SearchiTunesVM.swift */,
			);
			path = Search;
			sourceTree = "<group>";
		};
		B8B09FD72C64B7730068446F /* Cell */ = {
			isa = PBXGroup;
			children = (
				B8B09FD82C64B78A0068446F /* iTunesCollectionViewCell.swift */,
				B8B09FDC2C64C15D0068446F /* SearchiTunesSectionModel.swift */,
				B8B09FE82C6607340068446F /* iTunesCollectionViewCellVM.swift */,
				B8B09FED2C6618180068446F /* iTunesCollectionViewCellView.swift */,
			);
			path = Cell;
			sourceTree = "<group>";
		};
		B8B09FE02C65F0EE0068446F /* Abstract */ = {
			isa = PBXGroup;
			children = (
				B8B09FBD2C64A8D20068446F /* BaseVC.swift */,
				B8B09FBF2C64A8DA0068446F /* BaseVM.swift */,
				B8B09FFD2C67AA670068446F /* BaseCollectionViewCell.swift */,
			);
			path = Abstract;
			sourceTree = "<group>";
		};
		B8B09FE52C65F4660068446F /* Model */ = {
			isa = PBXGroup;
			children = (
				B8B09FE62C65F46B0068446F /* AppModel.swift */,
			);
			path = Model;
			sourceTree = "<group>";
		};
		B8B09FEF2C661B5D0068446F /* Detail */ = {
			isa = PBXGroup;
			children = (
				B8B09FF42C67A9160068446F /* Cell */,
				B8B09FF02C661B680068446F /* iTunesDetailVC.swift */,
				B8B09FF22C661B700068446F /* iTunesDetailVM.swift */,
			);
			path = Detail;
			sourceTree = "<group>";
		};
		B8B09FF42C67A9160068446F /* Cell */ = {
			isa = PBXGroup;
			children = (
				B8B09FF92C67A9FA0068446F /* AppScreenShotCollectionViewCell.swift */,
			);
			path = Cell;
			sourceTree = "<group>";
		};
/* End PBXGroup section */

/* Begin PBXNativeTarget section */
		B8B09F9D2C64A7FE0068446F /* MyiTunes */ = {
			isa = PBXNativeTarget;
			buildConfigurationList = B8B09FB22C64A7FF0068446F /* Build configuration list for PBXNativeTarget "MyiTunes" */;
			buildPhases = (
				B8B09F9A2C64A7FE0068446F /* Sources */,
				B8B09F9B2C64A7FE0068446F /* Frameworks */,
				B8B09F9C2C64A7FE0068446F /* Resources */,
			);
			buildRules = (
			);
			dependencies = (
			);
			name = MyiTunes;
			packageProductDependencies = (
				B8B09FC52C64A9B80068446F /* RxDataSources */,
				B8B09FC82C64A9C20068446F /* SnapKit */,
				B8B09FCB2C64A9D80068446F /* RxCocoa */,
				B8B09FCD2C64A9D80068446F /* RxRelay */,
				B8B09FCF2C64A9D80068446F /* RxSwift */,
				B8B09FD22C64A9E50068446F /* Alamofire */,
				B8B09FD52C64A9EE0068446F /* Toast */,
				B8B09FEB2C6609FA0068446F /* Kingfisher */,
			);
			productName = MyiTunes;
			productReference = B8B09F9E2C64A7FE0068446F /* MyiTunes.app */;
			productType = "com.apple.product-type.application";
		};
/* End PBXNativeTarget section */

/* Begin PBXProject section */
		B8B09F962C64A7FE0068446F /* Project object */ = {
			isa = PBXProject;
			attributes = {
				BuildIndependentTargetsInParallel = 1;
				LastSwiftUpdateCheck = 1530;
				LastUpgradeCheck = 1530;
				TargetAttributes = {
					B8B09F9D2C64A7FE0068446F = {
						CreatedOnToolsVersion = 15.3;
					};
				};
			};
			buildConfigurationList = B8B09F992C64A7FE0068446F /* Build configuration list for PBXProject "MyiTunes" */;
			compatibilityVersion = "Xcode 14.0";
			developmentRegion = en;
			hasScannedForEncodings = 0;
			knownRegions = (
				en,
				Base,
			);
			mainGroup = B8B09F952C64A7FE0068446F;
			packageReferences = (
				B8B09FC42C64A9B80068446F /* XCRemoteSwiftPackageReference "RxDataSources" */,
				B8B09FC72C64A9C20068446F /* XCRemoteSwiftPackageReference "SnapKit" */,
				B8B09FCA2C64A9D80068446F /* XCRemoteSwiftPackageReference "RxSwift" */,
				B8B09FD12C64A9E50068446F /* XCRemoteSwiftPackageReference "Alamofire" */,
				B8B09FD42C64A9EE0068446F /* XCRemoteSwiftPackageReference "Toast-Swift" */,
				B8B09FEA2C6609FA0068446F /* XCRemoteSwiftPackageReference "Kingfisher" */,
			);
			productRefGroup = B8B09F9F2C64A7FE0068446F /* Products */;
			projectDirPath = "";
			projectRoot = "";
			targets = (
				B8B09F9D2C64A7FE0068446F /* MyiTunes */,
			);
		};
/* End PBXProject section */

/* Begin PBXResourcesBuildPhase section */
		B8B09F9C2C64A7FE0068446F /* Resources */ = {
			isa = PBXResourcesBuildPhase;
			buildActionMask = 2147483647;
			files = (
				B8B09FAB2C64A7FF0068446F /* Assets.xcassets in Resources */,
				B8B09FB62C64A8930068446F /* .gitignore in Resources */,
				B8B09FAE2C64A7FF0068446F /* Base in Resources */,
			);
			runOnlyForDeploymentPostprocessing = 0;
		};
/* End PBXResourcesBuildPhase section */

/* Begin PBXSourcesBuildPhase section */
		B8B09F9A2C64A7FE0068446F /* Sources */ = {
			isa = PBXSourcesBuildPhase;
			buildActionMask = 2147483647;
			files = (
				B8B09FD92C64B78A0068446F /* iTunesCollectionViewCell.swift in Sources */,
				B8B09FA62C64A7FE0068446F /* ViewController.swift in Sources */,
				B8B09FC02C64A8DA0068446F /* BaseVM.swift in Sources */,
				B8B09FF12C661B680068446F /* iTunesDetailVC.swift in Sources */,
				B8B09FFA2C67A9FA0068446F /* AppScreenShotCollectionViewCell.swift in Sources */,
				B8B09FEE2C6618180068446F /* iTunesCollectionViewCellView.swift in Sources */,
				B8B09FFE2C67AA670068446F /* BaseCollectionViewCell.swift in Sources */,
				B8B09FA22C64A7FE0068446F /* AppDelegate.swift in Sources */,
				B8B09FDF2C65F0970068446F /* APIService.swift in Sources */,
				B8B09FB82C64A8AB0068446F /* APIInfo.swift in Sources */,
				B8B09FC32C64A97F0068446F /* SearchiTunesVC.swift in Sources */,
				B8B09FF32C661B700068446F /* iTunesDetailVM.swift in Sources */,
				B8B09FE72C65F46B0068446F /* AppModel.swift in Sources */,
				B8B09FA42C64A7FE0068446F /* SceneDelegate.swift in Sources */,
				B8B09FE22C65F1670068446F /* SearchiTunesVM.swift in Sources */,
				B8B09FBE2C64A8D20068446F /* BaseVC.swift in Sources */,
				B8B09FE42C65F1B00068446F /* APIManager.swift in Sources */,
				B8B09FDB2C64BA9A0068446F /* MainTBC.swift in Sources */,
				B8B09FDD2C64C15D0068446F /* SearchiTunesSectionModel.swift in Sources */,
				B8B09FE92C6607340068446F /* iTunesCollectionViewCellVM.swift in Sources */,
			);
			runOnlyForDeploymentPostprocessing = 0;
		};
/* End PBXSourcesBuildPhase section */

/* Begin PBXVariantGroup section */
		B8B09FAC2C64A7FF0068446F /* LaunchScreen.storyboard */ = {
			isa = PBXVariantGroup;
			children = (
				B8B09FAD2C64A7FF0068446F /* Base */,
			);
			name = LaunchScreen.storyboard;
			sourceTree = "<group>";
		};
/* End PBXVariantGroup section */

/* Begin XCBuildConfiguration section */
		B8B09FB02C64A7FF0068446F /* Debug */ = {
			isa = XCBuildConfiguration;
			buildSettings = {
				ALWAYS_SEARCH_USER_PATHS = NO;
				ASSETCATALOG_COMPILER_GENERATE_SWIFT_ASSET_SYMBOL_EXTENSIONS = YES;
				CLANG_ANALYZER_NONNULL = YES;
				CLANG_ANALYZER_NUMBER_OBJECT_CONVERSION = YES_AGGRESSIVE;
				CLANG_CXX_LANGUAGE_STANDARD = "gnu++20";
				CLANG_ENABLE_MODULES = YES;
				CLANG_ENABLE_OBJC_ARC = YES;
				CLANG_ENABLE_OBJC_WEAK = YES;
				CLANG_WARN_BLOCK_CAPTURE_AUTORELEASING = YES;
				CLANG_WARN_BOOL_CONVERSION = YES;
				CLANG_WARN_COMMA = YES;
				CLANG_WARN_CONSTANT_CONVERSION = YES;
				CLANG_WARN_DEPRECATED_OBJC_IMPLEMENTATIONS = YES;
				CLANG_WARN_DIRECT_OBJC_ISA_USAGE = YES_ERROR;
				CLANG_WARN_DOCUMENTATION_COMMENTS = YES;
				CLANG_WARN_EMPTY_BODY = YES;
				CLANG_WARN_ENUM_CONVERSION = YES;
				CLANG_WARN_INFINITE_RECURSION = YES;
				CLANG_WARN_INT_CONVERSION = YES;
				CLANG_WARN_NON_LITERAL_NULL_CONVERSION = YES;
				CLANG_WARN_OBJC_IMPLICIT_RETAIN_SELF = YES;
				CLANG_WARN_OBJC_LITERAL_CONVERSION = YES;
				CLANG_WARN_OBJC_ROOT_CLASS = YES_ERROR;
				CLANG_WARN_QUOTED_INCLUDE_IN_FRAMEWORK_HEADER = YES;
				CLANG_WARN_RANGE_LOOP_ANALYSIS = YES;
				CLANG_WARN_STRICT_PROTOTYPES = YES;
				CLANG_WARN_SUSPICIOUS_MOVE = YES;
				CLANG_WARN_UNGUARDED_AVAILABILITY = YES_AGGRESSIVE;
				CLANG_WARN_UNREACHABLE_CODE = YES;
				CLANG_WARN__DUPLICATE_METHOD_MATCH = YES;
				COPY_PHASE_STRIP = NO;
				DEBUG_INFORMATION_FORMAT = dwarf;
				ENABLE_STRICT_OBJC_MSGSEND = YES;
				ENABLE_TESTABILITY = YES;
				ENABLE_USER_SCRIPT_SANDBOXING = YES;
				GCC_C_LANGUAGE_STANDARD = gnu17;
				GCC_DYNAMIC_NO_PIC = NO;
				GCC_NO_COMMON_BLOCKS = YES;
				GCC_OPTIMIZATION_LEVEL = 0;
				GCC_PREPROCESSOR_DEFINITIONS = (
					"DEBUG=1",
					"$(inherited)",
				);
				GCC_WARN_64_TO_32_BIT_CONVERSION = YES;
				GCC_WARN_ABOUT_RETURN_TYPE = YES_ERROR;
				GCC_WARN_UNDECLARED_SELECTOR = YES;
				GCC_WARN_UNINITIALIZED_AUTOS = YES_AGGRESSIVE;
				GCC_WARN_UNUSED_FUNCTION = YES;
				GCC_WARN_UNUSED_VARIABLE = YES;
				IPHONEOS_DEPLOYMENT_TARGET = 17.4;
				LOCALIZATION_PREFERS_STRING_CATALOGS = YES;
				MTL_ENABLE_DEBUG_INFO = INCLUDE_SOURCE;
				MTL_FAST_MATH = YES;
				ONLY_ACTIVE_ARCH = YES;
				SDKROOT = iphoneos;
				SWIFT_ACTIVE_COMPILATION_CONDITIONS = "DEBUG $(inherited)";
				SWIFT_OPTIMIZATION_LEVEL = "-Onone";
			};
			name = Debug;
		};
		B8B09FB12C64A7FF0068446F /* Release */ = {
			isa = XCBuildConfiguration;
			buildSettings = {
				ALWAYS_SEARCH_USER_PATHS = NO;
				ASSETCATALOG_COMPILER_GENERATE_SWIFT_ASSET_SYMBOL_EXTENSIONS = YES;
				CLANG_ANALYZER_NONNULL = YES;
				CLANG_ANALYZER_NUMBER_OBJECT_CONVERSION = YES_AGGRESSIVE;
				CLANG_CXX_LANGUAGE_STANDARD = "gnu++20";
				CLANG_ENABLE_MODULES = YES;
				CLANG_ENABLE_OBJC_ARC = YES;
				CLANG_ENABLE_OBJC_WEAK = YES;
				CLANG_WARN_BLOCK_CAPTURE_AUTORELEASING = YES;
				CLANG_WARN_BOOL_CONVERSION = YES;
				CLANG_WARN_COMMA = YES;
				CLANG_WARN_CONSTANT_CONVERSION = YES;
				CLANG_WARN_DEPRECATED_OBJC_IMPLEMENTATIONS = YES;
				CLANG_WARN_DIRECT_OBJC_ISA_USAGE = YES_ERROR;
				CLANG_WARN_DOCUMENTATION_COMMENTS = YES;
				CLANG_WARN_EMPTY_BODY = YES;
				CLANG_WARN_ENUM_CONVERSION = YES;
				CLANG_WARN_INFINITE_RECURSION = YES;
				CLANG_WARN_INT_CONVERSION = YES;
				CLANG_WARN_NON_LITERAL_NULL_CONVERSION = YES;
				CLANG_WARN_OBJC_IMPLICIT_RETAIN_SELF = YES;
				CLANG_WARN_OBJC_LITERAL_CONVERSION = YES;
				CLANG_WARN_OBJC_ROOT_CLASS = YES_ERROR;
				CLANG_WARN_QUOTED_INCLUDE_IN_FRAMEWORK_HEADER = YES;
				CLANG_WARN_RANGE_LOOP_ANALYSIS = YES;
				CLANG_WARN_STRICT_PROTOTYPES = YES;
				CLANG_WARN_SUSPICIOUS_MOVE = YES;
				CLANG_WARN_UNGUARDED_AVAILABILITY = YES_AGGRESSIVE;
				CLANG_WARN_UNREACHABLE_CODE = YES;
				CLANG_WARN__DUPLICATE_METHOD_MATCH = YES;
				COPY_PHASE_STRIP = NO;
				DEBUG_INFORMATION_FORMAT = "dwarf-with-dsym";
				ENABLE_NS_ASSERTIONS = NO;
				ENABLE_STRICT_OBJC_MSGSEND = YES;
				ENABLE_USER_SCRIPT_SANDBOXING = YES;
				GCC_C_LANGUAGE_STANDARD = gnu17;
				GCC_NO_COMMON_BLOCKS = YES;
				GCC_WARN_64_TO_32_BIT_CONVERSION = YES;
				GCC_WARN_ABOUT_RETURN_TYPE = YES_ERROR;
				GCC_WARN_UNDECLARED_SELECTOR = YES;
				GCC_WARN_UNINITIALIZED_AUTOS = YES_AGGRESSIVE;
				GCC_WARN_UNUSED_FUNCTION = YES;
				GCC_WARN_UNUSED_VARIABLE = YES;
				IPHONEOS_DEPLOYMENT_TARGET = 17.4;
				LOCALIZATION_PREFERS_STRING_CATALOGS = YES;
				MTL_ENABLE_DEBUG_INFO = NO;
				MTL_FAST_MATH = YES;
				SDKROOT = iphoneos;
				SWIFT_COMPILATION_MODE = wholemodule;
				VALIDATE_PRODUCT = YES;
			};
			name = Release;
		};
		B8B09FB32C64A7FF0068446F /* Debug */ = {
			isa = XCBuildConfiguration;
			buildSettings = {
				ASSETCATALOG_COMPILER_APPICON_NAME = AppIcon;
				ASSETCATALOG_COMPILER_GLOBAL_ACCENT_COLOR_NAME = AccentColor;
				CODE_SIGN_STYLE = Automatic;
				CURRENT_PROJECT_VERSION = 1;
				DEVELOPMENT_TEAM = 9N9NGPM747;
				GENERATE_INFOPLIST_FILE = YES;
				INFOPLIST_FILE = MyiTunes/Info.plist;
				INFOPLIST_KEY_UIApplicationSupportsIndirectInputEvents = YES;
				INFOPLIST_KEY_UILaunchStoryboardName = LaunchScreen;
				INFOPLIST_KEY_UISupportedInterfaceOrientations = UIInterfaceOrientationPortrait;
				LD_RUNPATH_SEARCH_PATHS = (
					"$(inherited)",
					"@executable_path/Frameworks",
				);
				MARKETING_VERSION = 1.0;
				PRODUCT_BUNDLE_IDENTIFIER = com.yeji.MyiTunes;
				PRODUCT_NAME = "$(TARGET_NAME)";
				SUPPORTED_PLATFORMS = "iphoneos iphonesimulator";
				SUPPORTS_MACCATALYST = NO;
				SUPPORTS_MAC_DESIGNED_FOR_IPHONE_IPAD = NO;
				SUPPORTS_XR_DESIGNED_FOR_IPHONE_IPAD = NO;
				SWIFT_EMIT_LOC_STRINGS = YES;
				SWIFT_VERSION = 5.0;
				TARGETED_DEVICE_FAMILY = 1;
			};
			name = Debug;
		};
		B8B09FB42C64A7FF0068446F /* Release */ = {
			isa = XCBuildConfiguration;
			buildSettings = {
				ASSETCATALOG_COMPILER_APPICON_NAME = AppIcon;
				ASSETCATALOG_COMPILER_GLOBAL_ACCENT_COLOR_NAME = AccentColor;
				CODE_SIGN_STYLE = Automatic;
				CURRENT_PROJECT_VERSION = 1;
				DEVELOPMENT_TEAM = 9N9NGPM747;
				GENERATE_INFOPLIST_FILE = YES;
				INFOPLIST_FILE = MyiTunes/Info.plist;
				INFOPLIST_KEY_UIApplicationSupportsIndirectInputEvents = YES;
				INFOPLIST_KEY_UILaunchStoryboardName = LaunchScreen;
				INFOPLIST_KEY_UISupportedInterfaceOrientations = UIInterfaceOrientationPortrait;
				LD_RUNPATH_SEARCH_PATHS = (
					"$(inherited)",
					"@executable_path/Frameworks",
				);
				MARKETING_VERSION = 1.0;
				PRODUCT_BUNDLE_IDENTIFIER = com.yeji.MyiTunes;
				PRODUCT_NAME = "$(TARGET_NAME)";
				SUPPORTED_PLATFORMS = "iphoneos iphonesimulator";
				SUPPORTS_MACCATALYST = NO;
				SUPPORTS_MAC_DESIGNED_FOR_IPHONE_IPAD = NO;
				SUPPORTS_XR_DESIGNED_FOR_IPHONE_IPAD = NO;
				SWIFT_EMIT_LOC_STRINGS = YES;
				SWIFT_VERSION = 5.0;
				TARGETED_DEVICE_FAMILY = 1;
			};
			name = Release;
		};
/* End XCBuildConfiguration section */

/* Begin XCConfigurationList section */
		B8B09F992C64A7FE0068446F /* Build configuration list for PBXProject "MyiTunes" */ = {
			isa = XCConfigurationList;
			buildConfigurations = (
				B8B09FB02C64A7FF0068446F /* Debug */,
				B8B09FB12C64A7FF0068446F /* Release */,
			);
			defaultConfigurationIsVisible = 0;
			defaultConfigurationName = Release;
		};
		B8B09FB22C64A7FF0068446F /* Build configuration list for PBXNativeTarget "MyiTunes" */ = {
			isa = XCConfigurationList;
			buildConfigurations = (
				B8B09FB32C64A7FF0068446F /* Debug */,
				B8B09FB42C64A7FF0068446F /* Release */,
			);
			defaultConfigurationIsVisible = 0;
			defaultConfigurationName = Release;
		};
/* End XCConfigurationList section */

/* Begin XCRemoteSwiftPackageReference section */
		B8B09FC42C64A9B80068446F /* XCRemoteSwiftPackageReference "RxDataSources" */ = {
			isa = XCRemoteSwiftPackageReference;
			repositoryURL = "https://github.com/RxSwiftCommunity/RxDataSources.git";
			requirement = {
				kind = upToNextMajorVersion;
				minimumVersion = 5.0.2;
			};
		};
		B8B09FC72C64A9C20068446F /* XCRemoteSwiftPackageReference "SnapKit" */ = {
			isa = XCRemoteSwiftPackageReference;
			repositoryURL = "https://github.com/SnapKit/SnapKit.git";
			requirement = {
				kind = upToNextMajorVersion;
				minimumVersion = 5.7.1;
			};
		};
		B8B09FCA2C64A9D80068446F /* XCRemoteSwiftPackageReference "RxSwift" */ = {
			isa = XCRemoteSwiftPackageReference;
			repositoryURL = "https://github.com/ReactiveX/RxSwift.git";
			requirement = {
				kind = upToNextMajorVersion;
				minimumVersion = 6.7.1;
			};
		};
		B8B09FD12C64A9E50068446F /* XCRemoteSwiftPackageReference "Alamofire" */ = {
			isa = XCRemoteSwiftPackageReference;
			repositoryURL = "https://github.com/Alamofire/Alamofire.git";
			requirement = {
				kind = upToNextMajorVersion;
				minimumVersion = 5.9.1;
			};
		};
		B8B09FD42C64A9EE0068446F /* XCRemoteSwiftPackageReference "Toast-Swift" */ = {
			isa = XCRemoteSwiftPackageReference;
			repositoryURL = "https://github.com/scalessec/Toast-Swift.git";
			requirement = {
				kind = upToNextMajorVersion;
				minimumVersion = 5.1.1;
			};
		};
		B8B09FEA2C6609FA0068446F /* XCRemoteSwiftPackageReference "Kingfisher" */ = {
			isa = XCRemoteSwiftPackageReference;
			repositoryURL = "https://github.com/onevcat/Kingfisher";
			requirement = {
				kind = upToNextMajorVersion;
				minimumVersion = 7.12.0;
			};
		};
/* End XCRemoteSwiftPackageReference section */

/* Begin XCSwiftPackageProductDependency section */
		B8B09FC52C64A9B80068446F /* RxDataSources */ = {
			isa = XCSwiftPackageProductDependency;
			package = B8B09FC42C64A9B80068446F /* XCRemoteSwiftPackageReference "RxDataSources" */;
			productName = RxDataSources;
		};
		B8B09FC82C64A9C20068446F /* SnapKit */ = {
			isa = XCSwiftPackageProductDependency;
			package = B8B09FC72C64A9C20068446F /* XCRemoteSwiftPackageReference "SnapKit" */;
			productName = SnapKit;
		};
		B8B09FCB2C64A9D80068446F /* RxCocoa */ = {
			isa = XCSwiftPackageProductDependency;
			package = B8B09FCA2C64A9D80068446F /* XCRemoteSwiftPackageReference "RxSwift" */;
			productName = RxCocoa;
		};
		B8B09FCD2C64A9D80068446F /* RxRelay */ = {
			isa = XCSwiftPackageProductDependency;
			package = B8B09FCA2C64A9D80068446F /* XCRemoteSwiftPackageReference "RxSwift" */;
			productName = RxRelay;
		};
		B8B09FCF2C64A9D80068446F /* RxSwift */ = {
			isa = XCSwiftPackageProductDependency;
			package = B8B09FCA2C64A9D80068446F /* XCRemoteSwiftPackageReference "RxSwift" */;
			productName = RxSwift;
		};
		B8B09FD22C64A9E50068446F /* Alamofire */ = {
			isa = XCSwiftPackageProductDependency;
			package = B8B09FD12C64A9E50068446F /* XCRemoteSwiftPackageReference "Alamofire" */;
			productName = Alamofire;
		};
		B8B09FD52C64A9EE0068446F /* Toast */ = {
			isa = XCSwiftPackageProductDependency;
			package = B8B09FD42C64A9EE0068446F /* XCRemoteSwiftPackageReference "Toast-Swift" */;
			productName = Toast;
		};
		B8B09FEB2C6609FA0068446F /* Kingfisher */ = {
			isa = XCSwiftPackageProductDependency;
			package = B8B09FEA2C6609FA0068446F /* XCRemoteSwiftPackageReference "Kingfisher" */;
			productName = Kingfisher;
		};
/* End XCSwiftPackageProductDependency section */
	};
	rootObject = B8B09F962C64A7FE0068446F /* Project object */;
}
